
Microsoft Visual Studio Solution File, Format Version 12.00
# Visual Studio Version 17
VisualStudioVersion = 17.14.35906.104
MinimumVisualStudioVersion = 10.0.40219.1
Project("{FAE04EC0-301F-11D3-BF4B-00C04F79EFBC}") = "RateLimiting", "RateLimiting.csproj", "{860E607A-019A-4D9D-8E07-BD7FE43BE4AE}"
EndProject
Project("{2150E333-8FDC-42A3-9474-1A3956D46DE8}") = "Solution Items", "Solution Items", "{8EC462FD-D22E-90A8-E5CE-7E832BA40C5D}"
	ProjectSection(SolutionItems) = preProject
		.gitattributes = .gitattributes
		.gitignore = .gitignore
		CodeCoverage.runsettings = CodeCoverage.runsettings
		readme.md = readme.md
		xunit.runner.json = xunit.runner.json
	EndProjectSection
EndProject
Project("{FAE04EC0-301F-11D3-BF4B-00C04F79EFBC}") = "RateLimiter", "RateLimiter\RateLimiter.csproj", "{F2AF176A-4A1F-F27F-D01C-4C87870486C0}"
EndProject
Project("{FAE04EC0-301F-11D3-BF4B-00C04F79EFBC}") = "RateLimiter.Tests", "RateLimiterTests\RateLimiter.Tests.csproj", "{6E60B383-D4CE-7B67-9A54-41402F810FD8}"
EndProject
Global
	GlobalSection(SolutionConfigurationPlatforms) = preSolution
		Debug|Any CPU = Debug|Any CPU
		Release|Any CPU = Release|Any CPU
	EndGlobalSection
	GlobalSection(ProjectConfigurationPlatforms) = postSolution
		{860E607A-019A-4D9D-8E07-BD7FE43BE4AE}.Debug|Any CPU.ActiveCfg = Debug|Any CPU
		{860E607A-019A-4D9D-8E07-BD7FE43BE4AE}.Debug|Any CPU.Build.0 = Debug|Any CPU
		{860E607A-019A-4D9D-8E07-BD7FE43BE4AE}.Release|Any CPU.ActiveCfg = Release|Any CPU
		{860E607A-019A-4D9D-8E07-BD7FE43BE4AE}.Release|Any CPU.Build.0 = Release|Any CPU
		{F2AF176A-4A1F-F27F-D01C-4C87870486C0}.Debug|Any CPU.ActiveCfg = Debug|Any CPU
		{F2AF176A-4A1F-F27F-D01C-4C87870486C0}.Debug|Any CPU.Build.0 = Debug|Any CPU
		{F2AF176A-4A1F-F27F-D01C-4C87870486C0}.Release|Any CPU.ActiveCfg = Release|Any CPU
		{F2AF176A-4A1F-F27F-D01C-4C87870486C0}.Release|Any CPU.Build.0 = Release|Any CPU
		{6E60B383-D4CE-7B67-9A54-41402F810FD8}.Debug|Any CPU.ActiveCfg = Debug|Any CPU
		{6E60B383-D4CE-7B67-9A54-41402F810FD8}.Debug|Any CPU.Build.0 = Debug|Any CPU
		{6E60B383-D4CE-7B67-9A54-41402F810FD8}.Release|Any CPU.ActiveCfg = Release|Any CPU
		{6E60B383-D4CE-7B67-9A54-41402F810FD8}.Release|Any CPU.Build.0 = Release|Any CPU
	EndGlobalSection
	GlobalSection(SolutionProperties) = preSolution
		HideSolutionNode = FALSE
	EndGlobalSection
	GlobalSection(ExtensibilityGlobals) = postSolution
		SolutionGuid = {30865077-A0AC-47AA-AE85-58BE7F6C3B28}
	EndGlobalSection
EndGlobal
